{
  "version": 4,
  "terraform_version": "1.2.5",
  "serial": 154,
  "lineage": "aed1c951-8c7b-8b6b-76aa-02077d895e23",
  "outputs": {
    "resource_group_id": {
      "value": "/subscriptions/c86e6534-b220-4b33-999a-b9ed600534b7/resourceGroups/rg-byterraform",
      "type": "string"
    },
    "vm_id": {
      "value": {
        "master": "/subscriptions/c86e6534-b220-4b33-999a-b9ed600534b7/resourceGroups/rg-byterraform/providers/Microsoft.Compute/virtualMachines/VM-master",
        "nfs": "/subscriptions/c86e6534-b220-4b33-999a-b9ed600534b7/resourceGroups/rg-byterraform/providers/Microsoft.Compute/virtualMachines/VM-nfs",
        "worker": "/subscriptions/c86e6534-b220-4b33-999a-b9ed600534b7/resourceGroups/rg-byterraform/providers/Microsoft.Compute/virtualMachines/VM-worker"
      },
      "type": [
        "object",
        {
          "master": "string",
          "nfs": "string",
          "worker": "string"
        }
      ]
    },
    "vm_private_ip": {
      "value": {
        "VM-master": "10.0.2.5",
        "VM-nfs": "10.0.2.4",
        "VM-worker": "10.0.2.6"
      },
      "type": [
        "object",
        {
          "VM-master": "string",
          "VM-nfs": "string",
          "VM-worker": "string"
        }
      ]
    },
    "vm_public_ip": {
      "value": {
        "VM-master": "20.108.18.159",
        "VM-nfs": "20.108.20.20",
        "VM-worker": "20.26.208.225"
      },
      "type": [
        "object",
        {
          "VM-master": "string",
          "VM-nfs": "string",
          "VM-worker": "string"
        }
      ]
    }
  },
  "resources": [
    {
      "mode": "managed",
      "type": "azurerm_linux_virtual_machine",
      "name": "vm",
      "provider": "provider[\"registry.terraform.io/hashicorp/azurerm\"]",
      "instances": [
        {
          "index_key": "master",
          "schema_version": 0,
          "attributes": {
            "additional_capabilities": [],
            "admin_password": null,
            "admin_ssh_key": [
              {
                "public_key": "ssh-rsa AAAAB3NzaC1yc2EAAAADAQABAAACAQDAPCHWnEXTaAIJjhjZlarqNXlEh2ByD0R/1wkkD1iey3X/EMrg/kuA7vsOvz1JNc2m97h9o5UUEPFP3BdLR+96uZ8Ek48+s3Ecj8VWFI8esceUIMcakrMyq/fu81ocU4bH5m+4wJYk4VSSriEdbmbJ6TUc5a+f7iRP94zpqIMHlAyqotXqfbrGCiOY9P10XYjibMlFDyu43H1bwbZEmoECecPOBOcq3+cun8TBz7SkqYiksnZoiMS7lt29IVL9kC/tbmJ8cNHsDguMOJ0cIMib0agXacBxjqwRwDJQdWh5ehy/6abG4H5ntZKpMyHo8sLr9mkUgK67BpTQ2/ArnjGHWpYgAGo58j9q9SXlPd6YNOADT9ytTGbwB9rGhPcPCHcmTUM/0h/3ZG9e0cq07eE1Fb7OKiSORbvHmiHJW0TtsTJxYIPprT7BxgNR7X9L6VJn+QlE7pKLqCcN+p1jeSoorF6jciGrevo802RznTSBpw+lXq7AV6tWv24VtFTUdOoeE7h0dSNgBTvenH8j0xycxp7f/iuwoJtnskEcTtrf2t2Q7GtodJkawzxSJ2pM9KnbqLpGAu+twBf+h/5OJ4YHc5Igz6WqR1jC27mJHC5cJZE2nVg/K91UXAmpHVMln8cvAKqr8PBrLdW/yLDwCyu11uOlIqWVfLnHT2l7xQxU4w== nos@DESKTOP-KBDQ2LT\n",
                "username": "azureadmin"
              }
            ],
            "admin_username": "azureadmin",
            "allow_extension_operations": true,
            "availability_set_id": "",
            "boot_diagnostics": [],
            "computer_name": "VM-master",
            "custom_data": null,
            "dedicated_host_group_id": "",
            "dedicated_host_id": "",
            "disable_password_authentication": true,
            "edge_zone": "",
            "encryption_at_host_enabled": false,
            "eviction_policy": "",
            "extensions_time_budget": "PT1H30M",
            "id": "/subscriptions/c86e6534-b220-4b33-999a-b9ed600534b7/resourceGroups/rg-byterraform/providers/Microsoft.Compute/virtualMachines/VM-master",
            "identity": [],
            "license_type": "",
            "location": "uksouth",
            "max_bid_price": -1,
            "name": "VM-master",
            "network_interface_ids": [
              "/subscriptions/c86e6534-b220-4b33-999a-b9ed600534b7/resourceGroups/rg-byterraform/providers/Microsoft.Network/networkInterfaces/VM-NIC-master"
            ],
            "os_disk": [
              {
                "caching": "ReadWrite",
                "diff_disk_settings": [],
                "disk_encryption_set_id": "",
                "disk_size_gb": 30,
                "name": "VM-master_OsDisk_1_c158e135ca894bc39532ca76447d0b8c",
                "secure_vm_disk_encryption_set_id": "",
                "security_encryption_type": "",
                "storage_account_type": "Standard_LRS",
                "write_accelerator_enabled": false
              }
            ],
            "patch_mode": "ImageDefault",
            "plan": [
              {
                "name": "centos-8-stream-free",
                "product": "centos-8-stream-free",
                "publisher": "cognosys"
              }
            ],
            "platform_fault_domain": -1,
            "priority": "Regular",
            "private_ip_address": "10.0.2.5",
            "private_ip_addresses": [
              "10.0.2.5"
            ],
            "provision_vm_agent": true,
            "proximity_placement_group_id": "",
            "public_ip_address": "20.108.18.159",
            "public_ip_addresses": [
              "20.108.18.159"
            ],
            "resource_group_name": "rg-byterraform",
            "secret": [],
            "secure_boot_enabled": false,
            "size": "Standard_D2_v2",
            "source_image_id": "",
            "source_image_reference": [
              {
                "offer": "centos-8-stream-free",
                "publisher": "cognosys",
                "sku": "centos-8-stream-free",
                "version": "latest"
              }
            ],
            "tags": {},
            "termination_notification": [],
            "timeouts": null,
            "user_data": "",
            "virtual_machine_id": "b639d981-57f4-40b6-ae8d-aff7c8d6ec9c",
            "virtual_machine_scale_set_id": "",
            "vtpm_enabled": false,
            "zone": ""
          },
          "sensitive_attributes": [],
          "private": "eyJlMmJmYjczMC1lY2FhLTExZTYtOGY4OC0zNDM2M2JjN2M0YzAiOnsiY3JlYXRlIjoyNzAwMDAwMDAwMDAwLCJkZWxldGUiOjI3MDAwMDAwMDAwMDAsInJlYWQiOjMwMDAwMDAwMDAwMCwidXBkYXRlIjoyNzAwMDAwMDAwMDAwfX0=",
          "dependencies": [
            "azurerm_network_interface.nic",
            "azurerm_public_ip.public_ip",
            "azurerm_resource_group.rg",
            "azurerm_subnet.subnet",
            "azurerm_virtual_network.vnetwork"
          ]
        },
        {
          "index_key": "nfs",
          "schema_version": 0,
          "attributes": {
            "additional_capabilities": [],
            "admin_password": null,
            "admin_ssh_key": [
              {
                "public_key": "ssh-rsa AAAAB3NzaC1yc2EAAAADAQABAAACAQDAPCHWnEXTaAIJjhjZlarqNXlEh2ByD0R/1wkkD1iey3X/EMrg/kuA7vsOvz1JNc2m97h9o5UUEPFP3BdLR+96uZ8Ek48+s3Ecj8VWFI8esceUIMcakrMyq/fu81ocU4bH5m+4wJYk4VSSriEdbmbJ6TUc5a+f7iRP94zpqIMHlAyqotXqfbrGCiOY9P10XYjibMlFDyu43H1bwbZEmoECecPOBOcq3+cun8TBz7SkqYiksnZoiMS7lt29IVL9kC/tbmJ8cNHsDguMOJ0cIMib0agXacBxjqwRwDJQdWh5ehy/6abG4H5ntZKpMyHo8sLr9mkUgK67BpTQ2/ArnjGHWpYgAGo58j9q9SXlPd6YNOADT9ytTGbwB9rGhPcPCHcmTUM/0h/3ZG9e0cq07eE1Fb7OKiSORbvHmiHJW0TtsTJxYIPprT7BxgNR7X9L6VJn+QlE7pKLqCcN+p1jeSoorF6jciGrevo802RznTSBpw+lXq7AV6tWv24VtFTUdOoeE7h0dSNgBTvenH8j0xycxp7f/iuwoJtnskEcTtrf2t2Q7GtodJkawzxSJ2pM9KnbqLpGAu+twBf+h/5OJ4YHc5Igz6WqR1jC27mJHC5cJZE2nVg/K91UXAmpHVMln8cvAKqr8PBrLdW/yLDwCyu11uOlIqWVfLnHT2l7xQxU4w== nos@DESKTOP-KBDQ2LT\n",
                "username": "azureadmin"
              }
            ],
            "admin_username": "azureadmin",
            "allow_extension_operations": true,
            "availability_set_id": "",
            "boot_diagnostics": [],
            "computer_name": "VM-nfs",
            "custom_data": null,
            "dedicated_host_group_id": "",
            "dedicated_host_id": "",
            "disable_password_authentication": true,
            "edge_zone": "",
            "encryption_at_host_enabled": false,
            "eviction_policy": "",
            "extensions_time_budget": "PT1H30M",
            "id": "/subscriptions/c86e6534-b220-4b33-999a-b9ed600534b7/resourceGroups/rg-byterraform/providers/Microsoft.Compute/virtualMachines/VM-nfs",
            "identity": [],
            "license_type": "",
            "location": "uksouth",
            "max_bid_price": -1,
            "name": "VM-nfs",
            "network_interface_ids": [
              "/subscriptions/c86e6534-b220-4b33-999a-b9ed600534b7/resourceGroups/rg-byterraform/providers/Microsoft.Network/networkInterfaces/VM-NIC-nfs"
            ],
            "os_disk": [
              {
                "caching": "ReadWrite",
                "diff_disk_settings": [],
                "disk_encryption_set_id": "",
                "disk_size_gb": 30,
                "name": "VM-nfs_OsDisk_1_dabcdb2a838a44c89bac0da4214d84b7",
                "secure_vm_disk_encryption_set_id": "",
                "security_encryption_type": "",
                "storage_account_type": "Standard_LRS",
                "write_accelerator_enabled": false
              }
            ],
            "patch_mode": "ImageDefault",
            "plan": [
              {
                "name": "centos-8-stream-free",
                "product": "centos-8-stream-free",
                "publisher": "cognosys"
              }
            ],
            "platform_fault_domain": -1,
            "priority": "Regular",
            "private_ip_address": "10.0.2.4",
            "private_ip_addresses": [
              "10.0.2.4"
            ],
            "provision_vm_agent": true,
            "proximity_placement_group_id": "",
            "public_ip_address": "20.108.20.20",
            "public_ip_addresses": [
              "20.108.20.20"
            ],
            "resource_group_name": "rg-byterraform",
            "secret": [],
            "secure_boot_enabled": false,
            "size": "Standard_B2s",
            "source_image_id": "",
            "source_image_reference": [
              {
                "offer": "centos-8-stream-free",
                "publisher": "cognosys",
                "sku": "centos-8-stream-free",
                "version": "latest"
              }
            ],
            "tags": {},
            "termination_notification": [],
            "timeouts": null,
            "user_data": "",
            "virtual_machine_id": "1d6a729c-92ce-4b10-88da-5709a5196e35",
            "virtual_machine_scale_set_id": "",
            "vtpm_enabled": false,
            "zone": ""
          },
          "sensitive_attributes": [],
          "private": "eyJlMmJmYjczMC1lY2FhLTExZTYtOGY4OC0zNDM2M2JjN2M0YzAiOnsiY3JlYXRlIjoyNzAwMDAwMDAwMDAwLCJkZWxldGUiOjI3MDAwMDAwMDAwMDAsInJlYWQiOjMwMDAwMDAwMDAwMCwidXBkYXRlIjoyNzAwMDAwMDAwMDAwfX0=",
          "dependencies": [
            "azurerm_network_interface.nic",
            "azurerm_public_ip.public_ip",
            "azurerm_resource_group.rg",
            "azurerm_subnet.subnet",
            "azurerm_virtual_network.vnetwork"
          ]
        },
        {
          "index_key": "worker",
          "schema_version": 0,
          "attributes": {
            "additional_capabilities": [],
            "admin_password": null,
            "admin_ssh_key": [
              {
                "public_key": "ssh-rsa AAAAB3NzaC1yc2EAAAADAQABAAACAQDAPCHWnEXTaAIJjhjZlarqNXlEh2ByD0R/1wkkD1iey3X/EMrg/kuA7vsOvz1JNc2m97h9o5UUEPFP3BdLR+96uZ8Ek48+s3Ecj8VWFI8esceUIMcakrMyq/fu81ocU4bH5m+4wJYk4VSSriEdbmbJ6TUc5a+f7iRP94zpqIMHlAyqotXqfbrGCiOY9P10XYjibMlFDyu43H1bwbZEmoECecPOBOcq3+cun8TBz7SkqYiksnZoiMS7lt29IVL9kC/tbmJ8cNHsDguMOJ0cIMib0agXacBxjqwRwDJQdWh5ehy/6abG4H5ntZKpMyHo8sLr9mkUgK67BpTQ2/ArnjGHWpYgAGo58j9q9SXlPd6YNOADT9ytTGbwB9rGhPcPCHcmTUM/0h/3ZG9e0cq07eE1Fb7OKiSORbvHmiHJW0TtsTJxYIPprT7BxgNR7X9L6VJn+QlE7pKLqCcN+p1jeSoorF6jciGrevo802RznTSBpw+lXq7AV6tWv24VtFTUdOoeE7h0dSNgBTvenH8j0xycxp7f/iuwoJtnskEcTtrf2t2Q7GtodJkawzxSJ2pM9KnbqLpGAu+twBf+h/5OJ4YHc5Igz6WqR1jC27mJHC5cJZE2nVg/K91UXAmpHVMln8cvAKqr8PBrLdW/yLDwCyu11uOlIqWVfLnHT2l7xQxU4w== nos@DESKTOP-KBDQ2LT\n",
                "username": "azureadmin"
              }
            ],
            "admin_username": "azureadmin",
            "allow_extension_operations": true,
            "availability_set_id": "",
            "boot_diagnostics": [],
            "computer_name": "VM-worker",
            "custom_data": null,
            "dedicated_host_group_id": "",
            "dedicated_host_id": "",
            "disable_password_authentication": true,
            "edge_zone": "",
            "encryption_at_host_enabled": false,
            "eviction_policy": "",
            "extensions_time_budget": "PT1H30M",
            "id": "/subscriptions/c86e6534-b220-4b33-999a-b9ed600534b7/resourceGroups/rg-byterraform/providers/Microsoft.Compute/virtualMachines/VM-worker",
            "identity": [],
            "license_type": "",
            "location": "uksouth",
            "max_bid_price": -1,
            "name": "VM-worker",
            "network_interface_ids": [
              "/subscriptions/c86e6534-b220-4b33-999a-b9ed600534b7/resourceGroups/rg-byterraform/providers/Microsoft.Network/networkInterfaces/VM-NIC-worker"
            ],
            "os_disk": [
              {
                "caching": "ReadWrite",
                "diff_disk_settings": [],
                "disk_encryption_set_id": "",
                "disk_size_gb": 30,
                "name": "VM-worker_OsDisk_1_e5048c9526de40b58ae6e4d9643d02f8",
                "secure_vm_disk_encryption_set_id": "",
                "security_encryption_type": "",
                "storage_account_type": "Standard_LRS",
                "write_accelerator_enabled": false
              }
            ],
            "patch_mode": "ImageDefault",
            "plan": [
              {
                "name": "centos-8-stream-free",
                "product": "centos-8-stream-free",
                "publisher": "cognosys"
              }
            ],
            "platform_fault_domain": -1,
            "priority": "Regular",
            "private_ip_address": "10.0.2.6",
            "private_ip_addresses": [
              "10.0.2.6"
            ],
            "provision_vm_agent": true,
            "proximity_placement_group_id": "",
            "public_ip_address": "20.26.208.225",
            "public_ip_addresses": [
              "20.26.208.225"
            ],
            "resource_group_name": "rg-byterraform",
            "secret": [],
            "secure_boot_enabled": false,
            "size": "Standard_B2s",
            "source_image_id": "",
            "source_image_reference": [
              {
                "offer": "centos-8-stream-free",
                "publisher": "cognosys",
                "sku": "centos-8-stream-free",
                "version": "latest"
              }
            ],
            "tags": {},
            "termination_notification": [],
            "timeouts": null,
            "user_data": "",
            "virtual_machine_id": "fcee8450-4897-4dbe-a751-d9d9e97d57c5",
            "virtual_machine_scale_set_id": "",
            "vtpm_enabled": false,
            "zone": ""
          },
          "sensitive_attributes": [],
          "private": "eyJlMmJmYjczMC1lY2FhLTExZTYtOGY4OC0zNDM2M2JjN2M0YzAiOnsiY3JlYXRlIjoyNzAwMDAwMDAwMDAwLCJkZWxldGUiOjI3MDAwMDAwMDAwMDAsInJlYWQiOjMwMDAwMDAwMDAwMCwidXBkYXRlIjoyNzAwMDAwMDAwMDAwfX0=",
          "dependencies": [
            "azurerm_network_interface.nic",
            "azurerm_public_ip.public_ip",
            "azurerm_resource_group.rg",
            "azurerm_subnet.subnet",
            "azurerm_virtual_network.vnetwork"
          ]
        }
      ]
    },
    {
      "mode": "managed",
      "type": "azurerm_network_interface",
      "name": "nic",
      "provider": "provider[\"registry.terraform.io/hashicorp/azurerm\"]",
      "instances": [
        {
          "index_key": "master",
          "schema_version": 0,
          "attributes": {
            "applied_dns_servers": [],
            "dns_servers": [],
            "edge_zone": "",
            "enable_accelerated_networking": false,
            "enable_ip_forwarding": false,
            "id": "/subscriptions/c86e6534-b220-4b33-999a-b9ed600534b7/resourceGroups/rg-byterraform/providers/Microsoft.Network/networkInterfaces/VM-NIC-master",
            "internal_dns_name_label": "",
            "internal_domain_name_suffix": "5xqtdqqx3qoufb5ppsia3kq0ke.zx.internal.cloudapp.net",
            "ip_configuration": [
              {
                "gateway_load_balancer_frontend_ip_configuration_id": "",
                "name": "ip_config-master",
                "primary": true,
                "private_ip_address": "10.0.2.5",
                "private_ip_address_allocation": "Dynamic",
                "private_ip_address_version": "IPv4",
                "public_ip_address_id": "/subscriptions/c86e6534-b220-4b33-999a-b9ed600534b7/resourceGroups/rg-byterraform/providers/Microsoft.Network/publicIPAddresses/PublicIP-master",
                "subnet_id": "/subscriptions/c86e6534-b220-4b33-999a-b9ed600534b7/resourceGroups/rg-byterraform/providers/Microsoft.Network/virtualNetworks/vnetwork1/subnets/subnet1"
              }
            ],
            "location": "uksouth",
            "mac_address": "00-0D-3A-D4-91-C5",
            "name": "VM-NIC-master",
            "private_ip_address": "10.0.2.5",
            "private_ip_addresses": [
              "10.0.2.5"
            ],
            "resource_group_name": "rg-byterraform",
            "tags": {},
            "timeouts": null,
            "virtual_machine_id": "/subscriptions/c86e6534-b220-4b33-999a-b9ed600534b7/resourceGroups/rg-byterraform/providers/Microsoft.Compute/virtualMachines/VM-master"
          },
          "sensitive_attributes": [],
          "private": "eyJlMmJmYjczMC1lY2FhLTExZTYtOGY4OC0zNDM2M2JjN2M0YzAiOnsiY3JlYXRlIjoxODAwMDAwMDAwMDAwLCJkZWxldGUiOjE4MDAwMDAwMDAwMDAsInJlYWQiOjMwMDAwMDAwMDAwMCwidXBkYXRlIjoxODAwMDAwMDAwMDAwfX0=",
          "dependencies": [
            "azurerm_public_ip.public_ip",
            "azurerm_resource_group.rg",
            "azurerm_subnet.subnet",
            "azurerm_virtual_network.vnetwork"
          ]
        },
        {
          "index_key": "nfs",
          "schema_version": 0,
          "attributes": {
            "applied_dns_servers": [],
            "dns_servers": [],
            "edge_zone": "",
            "enable_accelerated_networking": false,
            "enable_ip_forwarding": false,
            "id": "/subscriptions/c86e6534-b220-4b33-999a-b9ed600534b7/resourceGroups/rg-byterraform/providers/Microsoft.Network/networkInterfaces/VM-NIC-nfs",
            "internal_dns_name_label": "",
            "internal_domain_name_suffix": "5xqtdqqx3qoufb5ppsia3kq0ke.zx.internal.cloudapp.net",
            "ip_configuration": [
              {
                "gateway_load_balancer_frontend_ip_configuration_id": "",
                "name": "ip_config-nfs",
                "primary": true,
                "private_ip_address": "10.0.2.4",
                "private_ip_address_allocation": "Dynamic",
                "private_ip_address_version": "IPv4",
                "public_ip_address_id": "/subscriptions/c86e6534-b220-4b33-999a-b9ed600534b7/resourceGroups/rg-byterraform/providers/Microsoft.Network/publicIPAddresses/PublicIP-nfs",
                "subnet_id": "/subscriptions/c86e6534-b220-4b33-999a-b9ed600534b7/resourceGroups/rg-byterraform/providers/Microsoft.Network/virtualNetworks/vnetwork1/subnets/subnet1"
              }
            ],
            "location": "uksouth",
            "mac_address": "00-0D-3A-7F-77-BD",
            "name": "VM-NIC-nfs",
            "private_ip_address": "10.0.2.4",
            "private_ip_addresses": [
              "10.0.2.4"
            ],
            "resource_group_name": "rg-byterraform",
            "tags": {},
            "timeouts": null,
            "virtual_machine_id": "/subscriptions/c86e6534-b220-4b33-999a-b9ed600534b7/resourceGroups/rg-byterraform/providers/Microsoft.Compute/virtualMachines/VM-nfs"
          },
          "sensitive_attributes": [],
          "private": "eyJlMmJmYjczMC1lY2FhLTExZTYtOGY4OC0zNDM2M2JjN2M0YzAiOnsiY3JlYXRlIjoxODAwMDAwMDAwMDAwLCJkZWxldGUiOjE4MDAwMDAwMDAwMDAsInJlYWQiOjMwMDAwMDAwMDAwMCwidXBkYXRlIjoxODAwMDAwMDAwMDAwfX0=",
          "dependencies": [
            "azurerm_public_ip.public_ip",
            "azurerm_resource_group.rg",
            "azurerm_subnet.subnet",
            "azurerm_virtual_network.vnetwork"
          ]
        },
        {
          "index_key": "worker",
          "schema_version": 0,
          "attributes": {
            "applied_dns_servers": [],
            "dns_servers": [],
            "edge_zone": "",
            "enable_accelerated_networking": false,
            "enable_ip_forwarding": false,
            "id": "/subscriptions/c86e6534-b220-4b33-999a-b9ed600534b7/resourceGroups/rg-byterraform/providers/Microsoft.Network/networkInterfaces/VM-NIC-worker",
            "internal_dns_name_label": "",
            "internal_domain_name_suffix": "5xqtdqqx3qoufb5ppsia3kq0ke.zx.internal.cloudapp.net",
            "ip_configuration": [
              {
                "gateway_load_balancer_frontend_ip_configuration_id": "",
                "name": "ip_config-worker",
                "primary": true,
                "private_ip_address": "10.0.2.6",
                "private_ip_address_allocation": "Dynamic",
                "private_ip_address_version": "IPv4",
                "public_ip_address_id": "/subscriptions/c86e6534-b220-4b33-999a-b9ed600534b7/resourceGroups/rg-byterraform/providers/Microsoft.Network/publicIPAddresses/PublicIP-worker",
                "subnet_id": "/subscriptions/c86e6534-b220-4b33-999a-b9ed600534b7/resourceGroups/rg-byterraform/providers/Microsoft.Network/virtualNetworks/vnetwork1/subnets/subnet1"
              }
            ],
            "location": "uksouth",
            "mac_address": "00-0D-3A-D5-35-C9",
            "name": "VM-NIC-worker",
            "private_ip_address": "10.0.2.6",
            "private_ip_addresses": [
              "10.0.2.6"
            ],
            "resource_group_name": "rg-byterraform",
            "tags": {},
            "timeouts": null,
            "virtual_machine_id": "/subscriptions/c86e6534-b220-4b33-999a-b9ed600534b7/resourceGroups/rg-byterraform/providers/Microsoft.Compute/virtualMachines/VM-worker"
          },
          "sensitive_attributes": [],
          "private": "eyJlMmJmYjczMC1lY2FhLTExZTYtOGY4OC0zNDM2M2JjN2M0YzAiOnsiY3JlYXRlIjoxODAwMDAwMDAwMDAwLCJkZWxldGUiOjE4MDAwMDAwMDAwMDAsInJlYWQiOjMwMDAwMDAwMDAwMCwidXBkYXRlIjoxODAwMDAwMDAwMDAwfX0=",
          "dependencies": [
            "azurerm_public_ip.public_ip",
            "azurerm_resource_group.rg",
            "azurerm_subnet.subnet",
            "azurerm_virtual_network.vnetwork"
          ]
        }
      ]
    },
    {
      "mode": "managed",
      "type": "azurerm_network_interface_security_group_association",
      "name": "sg_association",
      "provider": "provider[\"registry.terraform.io/hashicorp/azurerm\"]",
      "instances": [
        {
          "index_key": "master",
          "schema_version": 0,
          "attributes": {
            "id": "/subscriptions/c86e6534-b220-4b33-999a-b9ed600534b7/resourceGroups/rg-byterraform/providers/Microsoft.Network/networkInterfaces/VM-NIC-master|/subscriptions/c86e6534-b220-4b33-999a-b9ed600534b7/resourceGroups/rg-byterraform/providers/Microsoft.Network/networkSecurityGroups/SG-master",
            "network_interface_id": "/subscriptions/c86e6534-b220-4b33-999a-b9ed600534b7/resourceGroups/rg-byterraform/providers/Microsoft.Network/networkInterfaces/VM-NIC-master",
            "network_security_group_id": "/subscriptions/c86e6534-b220-4b33-999a-b9ed600534b7/resourceGroups/rg-byterraform/providers/Microsoft.Network/networkSecurityGroups/SG-master",
            "timeouts": null
          },
          "sensitive_attributes": [],
          "private": "eyJlMmJmYjczMC1lY2FhLTExZTYtOGY4OC0zNDM2M2JjN2M0YzAiOnsiY3JlYXRlIjoxODAwMDAwMDAwMDAwLCJkZWxldGUiOjE4MDAwMDAwMDAwMDAsInJlYWQiOjMwMDAwMDAwMDAwMCwidXBkYXRlIjoxODAwMDAwMDAwMDAwfX0=",
          "dependencies": [
            "azurerm_network_interface.nic",
            "azurerm_network_security_group.sg",
            "azurerm_public_ip.public_ip",
            "azurerm_resource_group.rg",
            "azurerm_subnet.subnet",
            "azurerm_virtual_network.vnetwork"
          ]
        },
        {
          "index_key": "nfs",
          "schema_version": 0,
          "attributes": {
            "id": "/subscriptions/c86e6534-b220-4b33-999a-b9ed600534b7/resourceGroups/rg-byterraform/providers/Microsoft.Network/networkInterfaces/VM-NIC-nfs|/subscriptions/c86e6534-b220-4b33-999a-b9ed600534b7/resourceGroups/rg-byterraform/providers/Microsoft.Network/networkSecurityGroups/SG-nfs",
            "network_interface_id": "/subscriptions/c86e6534-b220-4b33-999a-b9ed600534b7/resourceGroups/rg-byterraform/providers/Microsoft.Network/networkInterfaces/VM-NIC-nfs",
            "network_security_group_id": "/subscriptions/c86e6534-b220-4b33-999a-b9ed600534b7/resourceGroups/rg-byterraform/providers/Microsoft.Network/networkSecurityGroups/SG-nfs",
            "timeouts": null
          },
          "sensitive_attributes": [],
          "private": "eyJlMmJmYjczMC1lY2FhLTExZTYtOGY4OC0zNDM2M2JjN2M0YzAiOnsiY3JlYXRlIjoxODAwMDAwMDAwMDAwLCJkZWxldGUiOjE4MDAwMDAwMDAwMDAsInJlYWQiOjMwMDAwMDAwMDAwMCwidXBkYXRlIjoxODAwMDAwMDAwMDAwfX0=",
          "dependencies": [
            "azurerm_network_interface.nic",
            "azurerm_network_security_group.sg",
            "azurerm_public_ip.public_ip",
            "azurerm_resource_group.rg",
            "azurerm_subnet.subnet",
            "azurerm_virtual_network.vnetwork"
          ]
        },
        {
          "index_key": "worker",
          "schema_version": 0,
          "attributes": {
            "id": "/subscriptions/c86e6534-b220-4b33-999a-b9ed600534b7/resourceGroups/rg-byterraform/providers/Microsoft.Network/networkInterfaces/VM-NIC-worker|/subscriptions/c86e6534-b220-4b33-999a-b9ed600534b7/resourceGroups/rg-byterraform/providers/Microsoft.Network/networkSecurityGroups/SG-worker",
            "network_interface_id": "/subscriptions/c86e6534-b220-4b33-999a-b9ed600534b7/resourceGroups/rg-byterraform/providers/Microsoft.Network/networkInterfaces/VM-NIC-worker",
            "network_security_group_id": "/subscriptions/c86e6534-b220-4b33-999a-b9ed600534b7/resourceGroups/rg-byterraform/providers/Microsoft.Network/networkSecurityGroups/SG-worker",
            "timeouts": null
          },
          "sensitive_attributes": [],
          "private": "eyJlMmJmYjczMC1lY2FhLTExZTYtOGY4OC0zNDM2M2JjN2M0YzAiOnsiY3JlYXRlIjoxODAwMDAwMDAwMDAwLCJkZWxldGUiOjE4MDAwMDAwMDAwMDAsInJlYWQiOjMwMDAwMDAwMDAwMCwidXBkYXRlIjoxODAwMDAwMDAwMDAwfX0=",
          "dependencies": [
            "azurerm_network_interface.nic",
            "azurerm_network_security_group.sg",
            "azurerm_public_ip.public_ip",
            "azurerm_resource_group.rg",
            "azurerm_subnet.subnet",
            "azurerm_virtual_network.vnetwork"
          ]
        }
      ]
    },
    {
      "mode": "managed",
      "type": "azurerm_network_security_group",
      "name": "sg",
      "provider": "provider[\"registry.terraform.io/hashicorp/azurerm\"]",
      "instances": [
        {
          "index_key": "master",
          "schema_version": 0,
          "attributes": {
            "id": "/subscriptions/c86e6534-b220-4b33-999a-b9ed600534b7/resourceGroups/rg-byterraform/providers/Microsoft.Network/networkSecurityGroups/SG-master",
            "location": "uksouth",
            "name": "SG-master",
            "resource_group_name": "rg-byterraform",
            "security_rule": [
              {
                "access": "Allow",
                "description": "",
                "destination_address_prefix": "*",
                "destination_address_prefixes": [],
                "destination_application_security_group_ids": [],
                "destination_port_range": "22",
                "destination_port_ranges": [],
                "direction": "Inbound",
                "name": "SSH",
                "priority": 1001,
                "protocol": "Tcp",
                "source_address_prefix": "*",
                "source_address_prefixes": [],
                "source_application_security_group_ids": [],
                "source_port_range": "*",
                "source_port_ranges": []
              }
            ],
            "tags": {},
            "timeouts": null
          },
          "sensitive_attributes": [],
          "private": "eyJlMmJmYjczMC1lY2FhLTExZTYtOGY4OC0zNDM2M2JjN2M0YzAiOnsiY3JlYXRlIjoxODAwMDAwMDAwMDAwLCJkZWxldGUiOjE4MDAwMDAwMDAwMDAsInJlYWQiOjMwMDAwMDAwMDAwMCwidXBkYXRlIjoxODAwMDAwMDAwMDAwfX0=",
          "dependencies": [
            "azurerm_resource_group.rg"
          ]
        },
        {
          "index_key": "nfs",
          "schema_version": 0,
          "attributes": {
            "id": "/subscriptions/c86e6534-b220-4b33-999a-b9ed600534b7/resourceGroups/rg-byterraform/providers/Microsoft.Network/networkSecurityGroups/SG-nfs",
            "location": "uksouth",
            "name": "SG-nfs",
            "resource_group_name": "rg-byterraform",
            "security_rule": [
              {
                "access": "Allow",
                "description": "",
                "destination_address_prefix": "*",
                "destination_address_prefixes": [],
                "destination_application_security_group_ids": [],
                "destination_port_range": "22",
                "destination_port_ranges": [],
                "direction": "Inbound",
                "name": "SSH",
                "priority": 1001,
                "protocol": "Tcp",
                "source_address_prefix": "*",
                "source_address_prefixes": [],
                "source_application_security_group_ids": [],
                "source_port_range": "*",
                "source_port_ranges": []
              }
            ],
            "tags": {},
            "timeouts": null
          },
          "sensitive_attributes": [],
          "private": "eyJlMmJmYjczMC1lY2FhLTExZTYtOGY4OC0zNDM2M2JjN2M0YzAiOnsiY3JlYXRlIjoxODAwMDAwMDAwMDAwLCJkZWxldGUiOjE4MDAwMDAwMDAwMDAsInJlYWQiOjMwMDAwMDAwMDAwMCwidXBkYXRlIjoxODAwMDAwMDAwMDAwfX0=",
          "dependencies": [
            "azurerm_resource_group.rg"
          ]
        },
        {
          "index_key": "worker",
          "schema_version": 0,
          "attributes": {
            "id": "/subscriptions/c86e6534-b220-4b33-999a-b9ed600534b7/resourceGroups/rg-byterraform/providers/Microsoft.Network/networkSecurityGroups/SG-worker",
            "location": "uksouth",
            "name": "SG-worker",
            "resource_group_name": "rg-byterraform",
            "security_rule": [
              {
                "access": "Allow",
                "description": "",
                "destination_address_prefix": "*",
                "destination_address_prefixes": [],
                "destination_application_security_group_ids": [],
                "destination_port_range": "22",
                "destination_port_ranges": [],
                "direction": "Inbound",
                "name": "SSH",
                "priority": 1001,
                "protocol": "Tcp",
                "source_address_prefix": "*",
                "source_address_prefixes": [],
                "source_application_security_group_ids": [],
                "source_port_range": "*",
                "source_port_ranges": []
              }
            ],
            "tags": {},
            "timeouts": null
          },
          "sensitive_attributes": [],
          "private": "eyJlMmJmYjczMC1lY2FhLTExZTYtOGY4OC0zNDM2M2JjN2M0YzAiOnsiY3JlYXRlIjoxODAwMDAwMDAwMDAwLCJkZWxldGUiOjE4MDAwMDAwMDAwMDAsInJlYWQiOjMwMDAwMDAwMDAwMCwidXBkYXRlIjoxODAwMDAwMDAwMDAwfX0=",
          "dependencies": [
            "azurerm_resource_group.rg"
          ]
        }
      ]
    },
    {
      "mode": "managed",
      "type": "azurerm_public_ip",
      "name": "public_ip",
      "provider": "provider[\"registry.terraform.io/hashicorp/azurerm\"]",
      "instances": [
        {
          "index_key": "master",
          "schema_version": 0,
          "attributes": {
            "allocation_method": "Dynamic",
            "domain_name_label": null,
            "edge_zone": "",
            "fqdn": null,
            "id": "/subscriptions/c86e6534-b220-4b33-999a-b9ed600534b7/resourceGroups/rg-byterraform/providers/Microsoft.Network/publicIPAddresses/PublicIP-master",
            "idle_timeout_in_minutes": 4,
            "ip_address": "20.108.18.159",
            "ip_tags": {},
            "ip_version": "IPv4",
            "location": "uksouth",
            "name": "PublicIP-master",
            "public_ip_prefix_id": null,
            "resource_group_name": "rg-byterraform",
            "reverse_fqdn": null,
            "sku": "Basic",
            "sku_tier": "Regional",
            "tags": {},
            "timeouts": null,
            "zones": []
          },
          "sensitive_attributes": [],
          "private": "eyJlMmJmYjczMC1lY2FhLTExZTYtOGY4OC0zNDM2M2JjN2M0YzAiOnsiY3JlYXRlIjoxODAwMDAwMDAwMDAwLCJkZWxldGUiOjE4MDAwMDAwMDAwMDAsInJlYWQiOjMwMDAwMDAwMDAwMCwidXBkYXRlIjoxODAwMDAwMDAwMDAwfX0=",
          "dependencies": [
            "azurerm_resource_group.rg"
          ]
        },
        {
          "index_key": "nfs",
          "schema_version": 0,
          "attributes": {
            "allocation_method": "Dynamic",
            "domain_name_label": null,
            "edge_zone": "",
            "fqdn": null,
            "id": "/subscriptions/c86e6534-b220-4b33-999a-b9ed600534b7/resourceGroups/rg-byterraform/providers/Microsoft.Network/publicIPAddresses/PublicIP-nfs",
            "idle_timeout_in_minutes": 4,
            "ip_address": "20.108.20.20",
            "ip_tags": {},
            "ip_version": "IPv4",
            "location": "uksouth",
            "name": "PublicIP-nfs",
            "public_ip_prefix_id": null,
            "resource_group_name": "rg-byterraform",
            "reverse_fqdn": null,
            "sku": "Basic",
            "sku_tier": "Regional",
            "tags": {},
            "timeouts": null,
            "zones": []
          },
          "sensitive_attributes": [],
          "private": "eyJlMmJmYjczMC1lY2FhLTExZTYtOGY4OC0zNDM2M2JjN2M0YzAiOnsiY3JlYXRlIjoxODAwMDAwMDAwMDAwLCJkZWxldGUiOjE4MDAwMDAwMDAwMDAsInJlYWQiOjMwMDAwMDAwMDAwMCwidXBkYXRlIjoxODAwMDAwMDAwMDAwfX0=",
          "dependencies": [
            "azurerm_resource_group.rg"
          ]
        },
        {
          "index_key": "worker",
          "schema_version": 0,
          "attributes": {
            "allocation_method": "Dynamic",
            "domain_name_label": null,
            "edge_zone": "",
            "fqdn": null,
            "id": "/subscriptions/c86e6534-b220-4b33-999a-b9ed600534b7/resourceGroups/rg-byterraform/providers/Microsoft.Network/publicIPAddresses/PublicIP-worker",
            "idle_timeout_in_minutes": 4,
            "ip_address": "20.26.208.225",
            "ip_tags": {},
            "ip_version": "IPv4",
            "location": "uksouth",
            "name": "PublicIP-worker",
            "public_ip_prefix_id": null,
            "resource_group_name": "rg-byterraform",
            "reverse_fqdn": null,
            "sku": "Basic",
            "sku_tier": "Regional",
            "tags": {},
            "timeouts": null,
            "zones": []
          },
          "sensitive_attributes": [],
          "private": "eyJlMmJmYjczMC1lY2FhLTExZTYtOGY4OC0zNDM2M2JjN2M0YzAiOnsiY3JlYXRlIjoxODAwMDAwMDAwMDAwLCJkZWxldGUiOjE4MDAwMDAwMDAwMDAsInJlYWQiOjMwMDAwMDAwMDAwMCwidXBkYXRlIjoxODAwMDAwMDAwMDAwfX0=",
          "dependencies": [
            "azurerm_resource_group.rg"
          ]
        }
      ]
    },
    {
      "mode": "managed",
      "type": "azurerm_resource_group",
      "name": "rg",
      "provider": "provider[\"registry.terraform.io/hashicorp/azurerm\"]",
      "instances": [
        {
          "schema_version": 0,
          "attributes": {
            "id": "/subscriptions/c86e6534-b220-4b33-999a-b9ed600534b7/resourceGroups/rg-byterraform",
            "location": "uksouth",
            "name": "rg-byterraform",
            "tags": {},
            "timeouts": null
          },
          "sensitive_attributes": [],
          "private": "eyJlMmJmYjczMC1lY2FhLTExZTYtOGY4OC0zNDM2M2JjN2M0YzAiOnsiY3JlYXRlIjo1NDAwMDAwMDAwMDAwLCJkZWxldGUiOjU0MDAwMDAwMDAwMDAsInJlYWQiOjMwMDAwMDAwMDAwMCwidXBkYXRlIjo1NDAwMDAwMDAwMDAwfX0="
        }
      ]
    },
    {
      "mode": "managed",
      "type": "azurerm_subnet",
      "name": "subnet",
      "provider": "provider[\"registry.terraform.io/hashicorp/azurerm\"]",
      "instances": [
        {
          "schema_version": 0,
          "attributes": {
            "address_prefixes": [
              "10.0.2.0/24"
            ],
            "delegation": [],
            "enforce_private_link_endpoint_network_policies": false,
            "enforce_private_link_service_network_policies": false,
            "id": "/subscriptions/c86e6534-b220-4b33-999a-b9ed600534b7/resourceGroups/rg-byterraform/providers/Microsoft.Network/virtualNetworks/vnetwork1/subnets/subnet1",
            "name": "subnet1",
            "resource_group_name": "rg-byterraform",
            "service_endpoint_policy_ids": [],
            "service_endpoints": [],
            "timeouts": null,
            "virtual_network_name": "vnetwork1"
          },
          "sensitive_attributes": [],
          "private": "eyJlMmJmYjczMC1lY2FhLTExZTYtOGY4OC0zNDM2M2JjN2M0YzAiOnsiY3JlYXRlIjoxODAwMDAwMDAwMDAwLCJkZWxldGUiOjE4MDAwMDAwMDAwMDAsInJlYWQiOjMwMDAwMDAwMDAwMCwidXBkYXRlIjoxODAwMDAwMDAwMDAwfX0=",
          "dependencies": [
            "azurerm_resource_group.rg",
            "azurerm_virtual_network.vnetwork"
          ]
        }
      ]
    },
    {
      "mode": "managed",
      "type": "azurerm_virtual_network",
      "name": "vnetwork",
      "provider": "provider[\"registry.terraform.io/hashicorp/azurerm\"]",
      "instances": [
        {
          "schema_version": 0,
          "attributes": {
            "address_space": [
              "10.0.0.0/16"
            ],
            "bgp_community": "",
            "ddos_protection_plan": [],
            "dns_servers": [],
            "edge_zone": "",
            "flow_timeout_in_minutes": 0,
            "guid": "c231e1fd-ec17-421d-87ef-7c900eaa1a54",
            "id": "/subscriptions/c86e6534-b220-4b33-999a-b9ed600534b7/resourceGroups/rg-byterraform/providers/Microsoft.Network/virtualNetworks/vnetwork1",
            "location": "uksouth",
            "name": "vnetwork1",
            "resource_group_name": "rg-byterraform",
            "subnet": [
              {
                "address_prefix": "10.0.2.0/24",
                "id": "/subscriptions/c86e6534-b220-4b33-999a-b9ed600534b7/resourceGroups/rg-byterraform/providers/Microsoft.Network/virtualNetworks/vnetwork1/subnets/subnet1",
                "name": "subnet1",
                "security_group": ""
              }
            ],
            "tags": {},
            "timeouts": null
          },
          "sensitive_attributes": [],
          "private": "eyJlMmJmYjczMC1lY2FhLTExZTYtOGY4OC0zNDM2M2JjN2M0YzAiOnsiY3JlYXRlIjoxODAwMDAwMDAwMDAwLCJkZWxldGUiOjE4MDAwMDAwMDAwMDAsInJlYWQiOjMwMDAwMDAwMDAwMCwidXBkYXRlIjoxODAwMDAwMDAwMDAwfX0=",
          "dependencies": [
            "azurerm_resource_group.rg"
          ]
        }
      ]
    }
  ]
}
