{
  "version": 4,
  "terraform_version": "1.2.5",
  "serial": 43,
  "lineage": "aed1c951-8c7b-8b6b-76aa-02077d895e23",
  "outputs": {
    "resource_group_id": {
      "value": "/subscriptions/c86e6534-b220-4b33-999a-b9ed600534b7/resourceGroups/rg-byterraform",
      "type": "string"
    },
    "vm_id": {
      "value": [
        "/subscriptions/c86e6534-b220-4b33-999a-b9ed600534b7/resourceGroups/rg-byterraform/providers/Microsoft.Compute/virtualMachines/VM-master",
        "/subscriptions/c86e6534-b220-4b33-999a-b9ed600534b7/resourceGroups/rg-byterraform/providers/Microsoft.Compute/virtualMachines/VM-nfs",
        "/subscriptions/c86e6534-b220-4b33-999a-b9ed600534b7/resourceGroups/rg-byterraform/providers/Microsoft.Compute/virtualMachines/VM-worker"
      ],
      "type": [
        "tuple",
        [
          "string",
          "string",
          "string"
        ]
      ]
    },
    "vm_public_ip": {
      "value": [
        "/subscriptions/c86e6534-b220-4b33-999a-b9ed600534b7/resourceGroups/rg-byterraform/providers/Microsoft.Network/publicIPAddresses/PublicIP-master",
        "/subscriptions/c86e6534-b220-4b33-999a-b9ed600534b7/resourceGroups/rg-byterraform/providers/Microsoft.Network/publicIPAddresses/PublicIP-nfs",
        "/subscriptions/c86e6534-b220-4b33-999a-b9ed600534b7/resourceGroups/rg-byterraform/providers/Microsoft.Network/publicIPAddresses/PublicIP-worker"
      ],
      "type": [
        "tuple",
        [
          "string",
          "string",
          "string"
        ]
      ]
    }
  },
  "resources": [
    {
      "mode": "managed",
      "type": "azurerm_linux_virtual_machine",
      "name": "vm",
      "provider": "provider[\"registry.terraform.io/hashicorp/azurerm\"]",
      "instances": [
        {
          "index_key": 0,
          "schema_version": 0,
          "attributes": {
            "additional_capabilities": [],
            "admin_password": null,
            "admin_ssh_key": [
              {
                "public_key": "ssh-rsa AAAAB3NzaC1yc2EAAAADAQABAAACAQDAPCHWnEXTaAIJjhjZlarqNXlEh2ByD0R/1wkkD1iey3X/EMrg/kuA7vsOvz1JNc2m97h9o5UUEPFP3BdLR+96uZ8Ek48+s3Ecj8VWFI8esceUIMcakrMyq/fu81ocU4bH5m+4wJYk4VSSriEdbmbJ6TUc5a+f7iRP94zpqIMHlAyqotXqfbrGCiOY9P10XYjibMlFDyu43H1bwbZEmoECecPOBOcq3+cun8TBz7SkqYiksnZoiMS7lt29IVL9kC/tbmJ8cNHsDguMOJ0cIMib0agXacBxjqwRwDJQdWh5ehy/6abG4H5ntZKpMyHo8sLr9mkUgK67BpTQ2/ArnjGHWpYgAGo58j9q9SXlPd6YNOADT9ytTGbwB9rGhPcPCHcmTUM/0h/3ZG9e0cq07eE1Fb7OKiSORbvHmiHJW0TtsTJxYIPprT7BxgNR7X9L6VJn+QlE7pKLqCcN+p1jeSoorF6jciGrevo802RznTSBpw+lXq7AV6tWv24VtFTUdOoeE7h0dSNgBTvenH8j0xycxp7f/iuwoJtnskEcTtrf2t2Q7GtodJkawzxSJ2pM9KnbqLpGAu+twBf+h/5OJ4YHc5Igz6WqR1jC27mJHC5cJZE2nVg/K91UXAmpHVMln8cvAKqr8PBrLdW/yLDwCyu11uOlIqWVfLnHT2l7xQxU4w== nos@DESKTOP-KBDQ2LT\n",
                "username": "azureadmin"
              }
            ],
            "admin_username": "azureadmin",
            "allow_extension_operations": true,
            "availability_set_id": "",
            "boot_diagnostics": [],
            "computer_name": "VM-master",
            "custom_data": null,
            "dedicated_host_group_id": "",
            "dedicated_host_id": "",
            "disable_password_authentication": true,
            "edge_zone": "",
            "encryption_at_host_enabled": false,
            "eviction_policy": "",
            "extensions_time_budget": "PT1H30M",
            "id": "/subscriptions/c86e6534-b220-4b33-999a-b9ed600534b7/resourceGroups/rg-byterraform/providers/Microsoft.Compute/virtualMachines/VM-master",
            "identity": [],
            "license_type": "",
            "location": "uksouth",
            "max_bid_price": -1,
            "name": "VM-master",
            "network_interface_ids": [
              "/subscriptions/c86e6534-b220-4b33-999a-b9ed600534b7/resourceGroups/rg-byterraform/providers/Microsoft.Network/networkInterfaces/VM-NIC-master"
            ],
            "os_disk": [
              {
                "caching": "ReadWrite",
                "diff_disk_settings": [],
                "disk_encryption_set_id": "",
                "disk_size_gb": 30,
                "name": "VM-master_OsDisk_1_f536d41d36084bdf9df6d61e840ec6f3",
                "secure_vm_disk_encryption_set_id": "",
                "security_encryption_type": "",
                "storage_account_type": "Standard_LRS",
                "write_accelerator_enabled": false
              }
            ],
            "patch_mode": "ImageDefault",
            "plan": [
              {
                "name": "centos-8-stream-free",
                "product": "centos-8-stream-free",
                "publisher": "cognosys"
              }
            ],
            "platform_fault_domain": -1,
            "priority": "Regular",
            "private_ip_address": "10.0.2.5",
            "private_ip_addresses": [
              "10.0.2.5"
            ],
            "provision_vm_agent": true,
            "proximity_placement_group_id": "",
            "public_ip_address": "20.0.38.128",
            "public_ip_addresses": [
              "20.0.38.128"
            ],
            "resource_group_name": "rg-byterraform",
            "secret": [],
            "secure_boot_enabled": false,
            "size": "Standard_D2_v2",
            "source_image_id": "",
            "source_image_reference": [
              {
                "offer": "centos-8-stream-free",
                "publisher": "cognosys",
                "sku": "centos-8-stream-free",
                "version": "latest"
              }
            ],
            "tags": null,
            "termination_notification": null,
            "timeouts": null,
            "user_data": "",
            "virtual_machine_id": "4fe5d155-204d-4c83-ae7b-8c14a0540ad7",
            "virtual_machine_scale_set_id": "",
            "vtpm_enabled": false,
            "zone": ""
          },
          "sensitive_attributes": [],
          "private": "eyJlMmJmYjczMC1lY2FhLTExZTYtOGY4OC0zNDM2M2JjN2M0YzAiOnsiY3JlYXRlIjoyNzAwMDAwMDAwMDAwLCJkZWxldGUiOjI3MDAwMDAwMDAwMDAsInJlYWQiOjMwMDAwMDAwMDAwMCwidXBkYXRlIjoyNzAwMDAwMDAwMDAwfX0=",
          "dependencies": [
            "azurerm_network_interface.nic",
            "azurerm_public_ip.public_ip",
            "azurerm_resource_group.rg",
            "azurerm_subnet.subnet",
            "azurerm_virtual_network.vnetwork"
          ]
        },
        {
          "index_key": 1,
          "schema_version": 0,
          "attributes": {
            "additional_capabilities": [],
            "admin_password": null,
            "admin_ssh_key": [
              {
                "public_key": "ssh-rsa AAAAB3NzaC1yc2EAAAADAQABAAACAQDAPCHWnEXTaAIJjhjZlarqNXlEh2ByD0R/1wkkD1iey3X/EMrg/kuA7vsOvz1JNc2m97h9o5UUEPFP3BdLR+96uZ8Ek48+s3Ecj8VWFI8esceUIMcakrMyq/fu81ocU4bH5m+4wJYk4VSSriEdbmbJ6TUc5a+f7iRP94zpqIMHlAyqotXqfbrGCiOY9P10XYjibMlFDyu43H1bwbZEmoECecPOBOcq3+cun8TBz7SkqYiksnZoiMS7lt29IVL9kC/tbmJ8cNHsDguMOJ0cIMib0agXacBxjqwRwDJQdWh5ehy/6abG4H5ntZKpMyHo8sLr9mkUgK67BpTQ2/ArnjGHWpYgAGo58j9q9SXlPd6YNOADT9ytTGbwB9rGhPcPCHcmTUM/0h/3ZG9e0cq07eE1Fb7OKiSORbvHmiHJW0TtsTJxYIPprT7BxgNR7X9L6VJn+QlE7pKLqCcN+p1jeSoorF6jciGrevo802RznTSBpw+lXq7AV6tWv24VtFTUdOoeE7h0dSNgBTvenH8j0xycxp7f/iuwoJtnskEcTtrf2t2Q7GtodJkawzxSJ2pM9KnbqLpGAu+twBf+h/5OJ4YHc5Igz6WqR1jC27mJHC5cJZE2nVg/K91UXAmpHVMln8cvAKqr8PBrLdW/yLDwCyu11uOlIqWVfLnHT2l7xQxU4w== nos@DESKTOP-KBDQ2LT\n",
                "username": "azureadmin"
              }
            ],
            "admin_username": "azureadmin",
            "allow_extension_operations": true,
            "availability_set_id": "",
            "boot_diagnostics": [],
            "computer_name": "VM-nfs",
            "custom_data": null,
            "dedicated_host_group_id": "",
            "dedicated_host_id": "",
            "disable_password_authentication": true,
            "edge_zone": "",
            "encryption_at_host_enabled": false,
            "eviction_policy": "",
            "extensions_time_budget": "PT1H30M",
            "id": "/subscriptions/c86e6534-b220-4b33-999a-b9ed600534b7/resourceGroups/rg-byterraform/providers/Microsoft.Compute/virtualMachines/VM-nfs",
            "identity": [],
            "license_type": "",
            "location": "uksouth",
            "max_bid_price": -1,
            "name": "VM-nfs",
            "network_interface_ids": [
              "/subscriptions/c86e6534-b220-4b33-999a-b9ed600534b7/resourceGroups/rg-byterraform/providers/Microsoft.Network/networkInterfaces/VM-NIC-nfs"
            ],
            "os_disk": [
              {
                "caching": "ReadWrite",
                "diff_disk_settings": [],
                "disk_encryption_set_id": "",
                "disk_size_gb": 30,
                "name": "VM-nfs_OsDisk_1_ac518659d18740ce848a92b6d8a96ba4",
                "secure_vm_disk_encryption_set_id": "",
                "security_encryption_type": "",
                "storage_account_type": "Standard_LRS",
                "write_accelerator_enabled": false
              }
            ],
            "patch_mode": "ImageDefault",
            "plan": [
              {
                "name": "centos-8-stream-free",
                "product": "centos-8-stream-free",
                "publisher": "cognosys"
              }
            ],
            "platform_fault_domain": -1,
            "priority": "Regular",
            "private_ip_address": "10.0.2.6",
            "private_ip_addresses": [
              "10.0.2.6"
            ],
            "provision_vm_agent": true,
            "proximity_placement_group_id": "",
            "public_ip_address": "20.0.38.148",
            "public_ip_addresses": [
              "20.0.38.148"
            ],
            "resource_group_name": "rg-byterraform",
            "secret": [],
            "secure_boot_enabled": false,
            "size": "Standard_B2s",
            "source_image_id": "",
            "source_image_reference": [
              {
                "offer": "centos-8-stream-free",
                "publisher": "cognosys",
                "sku": "centos-8-stream-free",
                "version": "latest"
              }
            ],
            "tags": null,
            "termination_notification": null,
            "timeouts": null,
            "user_data": "",
            "virtual_machine_id": "f0b47f75-7769-4ef1-84ab-38a6619b9d1e",
            "virtual_machine_scale_set_id": "",
            "vtpm_enabled": false,
            "zone": ""
          },
          "sensitive_attributes": [],
          "private": "eyJlMmJmYjczMC1lY2FhLTExZTYtOGY4OC0zNDM2M2JjN2M0YzAiOnsiY3JlYXRlIjoyNzAwMDAwMDAwMDAwLCJkZWxldGUiOjI3MDAwMDAwMDAwMDAsInJlYWQiOjMwMDAwMDAwMDAwMCwidXBkYXRlIjoyNzAwMDAwMDAwMDAwfX0=",
          "dependencies": [
            "azurerm_network_interface.nic",
            "azurerm_public_ip.public_ip",
            "azurerm_resource_group.rg",
            "azurerm_subnet.subnet",
            "azurerm_virtual_network.vnetwork"
          ]
        },
        {
          "index_key": 2,
          "schema_version": 0,
          "attributes": {
            "additional_capabilities": [],
            "admin_password": null,
            "admin_ssh_key": [
              {
                "public_key": "ssh-rsa AAAAB3NzaC1yc2EAAAADAQABAAACAQDAPCHWnEXTaAIJjhjZlarqNXlEh2ByD0R/1wkkD1iey3X/EMrg/kuA7vsOvz1JNc2m97h9o5UUEPFP3BdLR+96uZ8Ek48+s3Ecj8VWFI8esceUIMcakrMyq/fu81ocU4bH5m+4wJYk4VSSriEdbmbJ6TUc5a+f7iRP94zpqIMHlAyqotXqfbrGCiOY9P10XYjibMlFDyu43H1bwbZEmoECecPOBOcq3+cun8TBz7SkqYiksnZoiMS7lt29IVL9kC/tbmJ8cNHsDguMOJ0cIMib0agXacBxjqwRwDJQdWh5ehy/6abG4H5ntZKpMyHo8sLr9mkUgK67BpTQ2/ArnjGHWpYgAGo58j9q9SXlPd6YNOADT9ytTGbwB9rGhPcPCHcmTUM/0h/3ZG9e0cq07eE1Fb7OKiSORbvHmiHJW0TtsTJxYIPprT7BxgNR7X9L6VJn+QlE7pKLqCcN+p1jeSoorF6jciGrevo802RznTSBpw+lXq7AV6tWv24VtFTUdOoeE7h0dSNgBTvenH8j0xycxp7f/iuwoJtnskEcTtrf2t2Q7GtodJkawzxSJ2pM9KnbqLpGAu+twBf+h/5OJ4YHc5Igz6WqR1jC27mJHC5cJZE2nVg/K91UXAmpHVMln8cvAKqr8PBrLdW/yLDwCyu11uOlIqWVfLnHT2l7xQxU4w== nos@DESKTOP-KBDQ2LT\n",
                "username": "azureadmin"
              }
            ],
            "admin_username": "azureadmin",
            "allow_extension_operations": true,
            "availability_set_id": "",
            "boot_diagnostics": [],
            "computer_name": "VM-worker",
            "custom_data": null,
            "dedicated_host_group_id": "",
            "dedicated_host_id": "",
            "disable_password_authentication": true,
            "edge_zone": "",
            "encryption_at_host_enabled": false,
            "eviction_policy": "",
            "extensions_time_budget": "PT1H30M",
            "id": "/subscriptions/c86e6534-b220-4b33-999a-b9ed600534b7/resourceGroups/rg-byterraform/providers/Microsoft.Compute/virtualMachines/VM-worker",
            "identity": [],
            "license_type": "",
            "location": "uksouth",
            "max_bid_price": -1,
            "name": "VM-worker",
            "network_interface_ids": [
              "/subscriptions/c86e6534-b220-4b33-999a-b9ed600534b7/resourceGroups/rg-byterraform/providers/Microsoft.Network/networkInterfaces/VM-NIC-worker"
            ],
            "os_disk": [
              {
                "caching": "ReadWrite",
                "diff_disk_settings": [],
                "disk_encryption_set_id": "",
                "disk_size_gb": 30,
                "name": "VM-worker_OsDisk_1_16dd5fe1f272417ba424f4f18a65b881",
                "secure_vm_disk_encryption_set_id": "",
                "security_encryption_type": "",
                "storage_account_type": "Standard_LRS",
                "write_accelerator_enabled": false
              }
            ],
            "patch_mode": "ImageDefault",
            "plan": [
              {
                "name": "centos-8-stream-free",
                "product": "centos-8-stream-free",
                "publisher": "cognosys"
              }
            ],
            "platform_fault_domain": -1,
            "priority": "Regular",
            "private_ip_address": "10.0.2.4",
            "private_ip_addresses": [
              "10.0.2.4"
            ],
            "provision_vm_agent": true,
            "proximity_placement_group_id": "",
            "public_ip_address": "20.0.38.186",
            "public_ip_addresses": [
              "20.0.38.186"
            ],
            "resource_group_name": "rg-byterraform",
            "secret": [],
            "secure_boot_enabled": false,
            "size": "Standard_B2s",
            "source_image_id": "",
            "source_image_reference": [
              {
                "offer": "centos-8-stream-free",
                "publisher": "cognosys",
                "sku": "centos-8-stream-free",
                "version": "latest"
              }
            ],
            "tags": null,
            "termination_notification": null,
            "timeouts": null,
            "user_data": "",
            "virtual_machine_id": "fdaea81a-b2d1-4e73-97e6-4f2e8f5979a2",
            "virtual_machine_scale_set_id": "",
            "vtpm_enabled": false,
            "zone": ""
          },
          "sensitive_attributes": [],
          "private": "eyJlMmJmYjczMC1lY2FhLTExZTYtOGY4OC0zNDM2M2JjN2M0YzAiOnsiY3JlYXRlIjoyNzAwMDAwMDAwMDAwLCJkZWxldGUiOjI3MDAwMDAwMDAwMDAsInJlYWQiOjMwMDAwMDAwMDAwMCwidXBkYXRlIjoyNzAwMDAwMDAwMDAwfX0=",
          "dependencies": [
            "azurerm_network_interface.nic",
            "azurerm_public_ip.public_ip",
            "azurerm_resource_group.rg",
            "azurerm_subnet.subnet",
            "azurerm_virtual_network.vnetwork"
          ]
        }
      ]
    },
    {
      "mode": "managed",
      "type": "azurerm_network_interface",
      "name": "nic",
      "provider": "provider[\"registry.terraform.io/hashicorp/azurerm\"]",
      "instances": [
        {
          "index_key": 0,
          "schema_version": 0,
          "attributes": {
            "applied_dns_servers": [],
            "dns_servers": [],
            "edge_zone": "",
            "enable_accelerated_networking": false,
            "enable_ip_forwarding": false,
            "id": "/subscriptions/c86e6534-b220-4b33-999a-b9ed600534b7/resourceGroups/rg-byterraform/providers/Microsoft.Network/networkInterfaces/VM-NIC-master",
            "internal_dns_name_label": "",
            "internal_domain_name_suffix": "vdclvf00xeleniwkudmn3bpwfc.zx.internal.cloudapp.net",
            "ip_configuration": [
              {
                "gateway_load_balancer_frontend_ip_configuration_id": "",
                "name": "ip_config-master",
                "primary": true,
                "private_ip_address": "10.0.2.5",
                "private_ip_address_allocation": "Dynamic",
                "private_ip_address_version": "IPv4",
                "public_ip_address_id": "/subscriptions/c86e6534-b220-4b33-999a-b9ed600534b7/resourceGroups/rg-byterraform/providers/Microsoft.Network/publicIPAddresses/PublicIP-master",
                "subnet_id": "/subscriptions/c86e6534-b220-4b33-999a-b9ed600534b7/resourceGroups/rg-byterraform/providers/Microsoft.Network/virtualNetworks/vnetwork1/subnets/subnet1"
              }
            ],
            "location": "uksouth",
            "mac_address": "",
            "name": "VM-NIC-master",
            "private_ip_address": "10.0.2.5",
            "private_ip_addresses": [
              "10.0.2.5"
            ],
            "resource_group_name": "rg-byterraform",
            "tags": null,
            "timeouts": null,
            "virtual_machine_id": ""
          },
          "sensitive_attributes": [],
          "private": "eyJlMmJmYjczMC1lY2FhLTExZTYtOGY4OC0zNDM2M2JjN2M0YzAiOnsiY3JlYXRlIjoxODAwMDAwMDAwMDAwLCJkZWxldGUiOjE4MDAwMDAwMDAwMDAsInJlYWQiOjMwMDAwMDAwMDAwMCwidXBkYXRlIjoxODAwMDAwMDAwMDAwfX0=",
          "dependencies": [
            "azurerm_public_ip.public_ip",
            "azurerm_resource_group.rg",
            "azurerm_subnet.subnet",
            "azurerm_virtual_network.vnetwork"
          ]
        },
        {
          "index_key": 1,
          "schema_version": 0,
          "attributes": {
            "applied_dns_servers": [],
            "dns_servers": [],
            "edge_zone": "",
            "enable_accelerated_networking": false,
            "enable_ip_forwarding": false,
            "id": "/subscriptions/c86e6534-b220-4b33-999a-b9ed600534b7/resourceGroups/rg-byterraform/providers/Microsoft.Network/networkInterfaces/VM-NIC-nfs",
            "internal_dns_name_label": "",
            "internal_domain_name_suffix": "vdclvf00xeleniwkudmn3bpwfc.zx.internal.cloudapp.net",
            "ip_configuration": [
              {
                "gateway_load_balancer_frontend_ip_configuration_id": "",
                "name": "ip_config-nfs",
                "primary": true,
                "private_ip_address": "10.0.2.6",
                "private_ip_address_allocation": "Dynamic",
                "private_ip_address_version": "IPv4",
                "public_ip_address_id": "/subscriptions/c86e6534-b220-4b33-999a-b9ed600534b7/resourceGroups/rg-byterraform/providers/Microsoft.Network/publicIPAddresses/PublicIP-nfs",
                "subnet_id": "/subscriptions/c86e6534-b220-4b33-999a-b9ed600534b7/resourceGroups/rg-byterraform/providers/Microsoft.Network/virtualNetworks/vnetwork1/subnets/subnet1"
              }
            ],
            "location": "uksouth",
            "mac_address": "",
            "name": "VM-NIC-nfs",
            "private_ip_address": "10.0.2.6",
            "private_ip_addresses": [
              "10.0.2.6"
            ],
            "resource_group_name": "rg-byterraform",
            "tags": null,
            "timeouts": null,
            "virtual_machine_id": ""
          },
          "sensitive_attributes": [],
          "private": "eyJlMmJmYjczMC1lY2FhLTExZTYtOGY4OC0zNDM2M2JjN2M0YzAiOnsiY3JlYXRlIjoxODAwMDAwMDAwMDAwLCJkZWxldGUiOjE4MDAwMDAwMDAwMDAsInJlYWQiOjMwMDAwMDAwMDAwMCwidXBkYXRlIjoxODAwMDAwMDAwMDAwfX0=",
          "dependencies": [
            "azurerm_public_ip.public_ip",
            "azurerm_resource_group.rg",
            "azurerm_subnet.subnet",
            "azurerm_virtual_network.vnetwork"
          ]
        },
        {
          "index_key": 2,
          "schema_version": 0,
          "attributes": {
            "applied_dns_servers": [],
            "dns_servers": [],
            "edge_zone": "",
            "enable_accelerated_networking": false,
            "enable_ip_forwarding": false,
            "id": "/subscriptions/c86e6534-b220-4b33-999a-b9ed600534b7/resourceGroups/rg-byterraform/providers/Microsoft.Network/networkInterfaces/VM-NIC-worker",
            "internal_dns_name_label": "",
            "internal_domain_name_suffix": "vdclvf00xeleniwkudmn3bpwfc.zx.internal.cloudapp.net",
            "ip_configuration": [
              {
                "gateway_load_balancer_frontend_ip_configuration_id": "",
                "name": "ip_config-worker",
                "primary": true,
                "private_ip_address": "10.0.2.4",
                "private_ip_address_allocation": "Dynamic",
                "private_ip_address_version": "IPv4",
                "public_ip_address_id": "/subscriptions/c86e6534-b220-4b33-999a-b9ed600534b7/resourceGroups/rg-byterraform/providers/Microsoft.Network/publicIPAddresses/PublicIP-worker",
                "subnet_id": "/subscriptions/c86e6534-b220-4b33-999a-b9ed600534b7/resourceGroups/rg-byterraform/providers/Microsoft.Network/virtualNetworks/vnetwork1/subnets/subnet1"
              }
            ],
            "location": "uksouth",
            "mac_address": "",
            "name": "VM-NIC-worker",
            "private_ip_address": "10.0.2.4",
            "private_ip_addresses": [
              "10.0.2.4"
            ],
            "resource_group_name": "rg-byterraform",
            "tags": null,
            "timeouts": null,
            "virtual_machine_id": ""
          },
          "sensitive_attributes": [],
          "private": "eyJlMmJmYjczMC1lY2FhLTExZTYtOGY4OC0zNDM2M2JjN2M0YzAiOnsiY3JlYXRlIjoxODAwMDAwMDAwMDAwLCJkZWxldGUiOjE4MDAwMDAwMDAwMDAsInJlYWQiOjMwMDAwMDAwMDAwMCwidXBkYXRlIjoxODAwMDAwMDAwMDAwfX0=",
          "dependencies": [
            "azurerm_public_ip.public_ip",
            "azurerm_resource_group.rg",
            "azurerm_subnet.subnet",
            "azurerm_virtual_network.vnetwork"
          ]
        }
      ]
    },
    {
      "mode": "managed",
      "type": "azurerm_public_ip",
      "name": "public_ip",
      "provider": "provider[\"registry.terraform.io/hashicorp/azurerm\"]",
      "instances": [
        {
          "index_key": 0,
          "schema_version": 0,
          "attributes": {
            "allocation_method": "Dynamic",
            "domain_name_label": null,
            "edge_zone": "",
            "fqdn": null,
            "id": "/subscriptions/c86e6534-b220-4b33-999a-b9ed600534b7/resourceGroups/rg-byterraform/providers/Microsoft.Network/publicIPAddresses/PublicIP-master",
            "idle_timeout_in_minutes": 4,
            "ip_address": "",
            "ip_tags": null,
            "ip_version": "IPv4",
            "location": "uksouth",
            "name": "PublicIP-master",
            "public_ip_prefix_id": null,
            "resource_group_name": "rg-byterraform",
            "reverse_fqdn": null,
            "sku": "Basic",
            "sku_tier": "Regional",
            "tags": null,
            "timeouts": null,
            "zones": null
          },
          "sensitive_attributes": [],
          "private": "eyJlMmJmYjczMC1lY2FhLTExZTYtOGY4OC0zNDM2M2JjN2M0YzAiOnsiY3JlYXRlIjoxODAwMDAwMDAwMDAwLCJkZWxldGUiOjE4MDAwMDAwMDAwMDAsInJlYWQiOjMwMDAwMDAwMDAwMCwidXBkYXRlIjoxODAwMDAwMDAwMDAwfX0=",
          "dependencies": [
            "azurerm_resource_group.rg"
          ]
        },
        {
          "index_key": 1,
          "schema_version": 0,
          "attributes": {
            "allocation_method": "Dynamic",
            "domain_name_label": null,
            "edge_zone": "",
            "fqdn": null,
            "id": "/subscriptions/c86e6534-b220-4b33-999a-b9ed600534b7/resourceGroups/rg-byterraform/providers/Microsoft.Network/publicIPAddresses/PublicIP-nfs",
            "idle_timeout_in_minutes": 4,
            "ip_address": "",
            "ip_tags": null,
            "ip_version": "IPv4",
            "location": "uksouth",
            "name": "PublicIP-nfs",
            "public_ip_prefix_id": null,
            "resource_group_name": "rg-byterraform",
            "reverse_fqdn": null,
            "sku": "Basic",
            "sku_tier": "Regional",
            "tags": null,
            "timeouts": null,
            "zones": null
          },
          "sensitive_attributes": [],
          "private": "eyJlMmJmYjczMC1lY2FhLTExZTYtOGY4OC0zNDM2M2JjN2M0YzAiOnsiY3JlYXRlIjoxODAwMDAwMDAwMDAwLCJkZWxldGUiOjE4MDAwMDAwMDAwMDAsInJlYWQiOjMwMDAwMDAwMDAwMCwidXBkYXRlIjoxODAwMDAwMDAwMDAwfX0=",
          "dependencies": [
            "azurerm_resource_group.rg"
          ]
        },
        {
          "index_key": 2,
          "schema_version": 0,
          "attributes": {
            "allocation_method": "Dynamic",
            "domain_name_label": null,
            "edge_zone": "",
            "fqdn": null,
            "id": "/subscriptions/c86e6534-b220-4b33-999a-b9ed600534b7/resourceGroups/rg-byterraform/providers/Microsoft.Network/publicIPAddresses/PublicIP-worker",
            "idle_timeout_in_minutes": 4,
            "ip_address": "",
            "ip_tags": null,
            "ip_version": "IPv4",
            "location": "uksouth",
            "name": "PublicIP-worker",
            "public_ip_prefix_id": null,
            "resource_group_name": "rg-byterraform",
            "reverse_fqdn": null,
            "sku": "Basic",
            "sku_tier": "Regional",
            "tags": null,
            "timeouts": null,
            "zones": null
          },
          "sensitive_attributes": [],
          "private": "eyJlMmJmYjczMC1lY2FhLTExZTYtOGY4OC0zNDM2M2JjN2M0YzAiOnsiY3JlYXRlIjoxODAwMDAwMDAwMDAwLCJkZWxldGUiOjE4MDAwMDAwMDAwMDAsInJlYWQiOjMwMDAwMDAwMDAwMCwidXBkYXRlIjoxODAwMDAwMDAwMDAwfX0=",
          "dependencies": [
            "azurerm_resource_group.rg"
          ]
        }
      ]
    },
    {
      "mode": "managed",
      "type": "azurerm_resource_group",
      "name": "rg",
      "provider": "provider[\"registry.terraform.io/hashicorp/azurerm\"]",
      "instances": [
        {
          "schema_version": 0,
          "attributes": {
            "id": "/subscriptions/c86e6534-b220-4b33-999a-b9ed600534b7/resourceGroups/rg-byterraform",
            "location": "uksouth",
            "name": "rg-byterraform",
            "tags": null,
            "timeouts": null
          },
          "sensitive_attributes": [],
          "private": "eyJlMmJmYjczMC1lY2FhLTExZTYtOGY4OC0zNDM2M2JjN2M0YzAiOnsiY3JlYXRlIjo1NDAwMDAwMDAwMDAwLCJkZWxldGUiOjU0MDAwMDAwMDAwMDAsInJlYWQiOjMwMDAwMDAwMDAwMCwidXBkYXRlIjo1NDAwMDAwMDAwMDAwfX0="
        }
      ]
    },
    {
      "mode": "managed",
      "type": "azurerm_subnet",
      "name": "subnet",
      "provider": "provider[\"registry.terraform.io/hashicorp/azurerm\"]",
      "instances": [
        {
          "schema_version": 0,
          "attributes": {
            "address_prefixes": [
              "10.0.2.0/24"
            ],
            "delegation": [],
            "enforce_private_link_endpoint_network_policies": false,
            "enforce_private_link_service_network_policies": false,
            "id": "/subscriptions/c86e6534-b220-4b33-999a-b9ed600534b7/resourceGroups/rg-byterraform/providers/Microsoft.Network/virtualNetworks/vnetwork1/subnets/subnet1",
            "name": "subnet1",
            "resource_group_name": "rg-byterraform",
            "service_endpoint_policy_ids": null,
            "service_endpoints": null,
            "timeouts": null,
            "virtual_network_name": "vnetwork1"
          },
          "sensitive_attributes": [],
          "private": "eyJlMmJmYjczMC1lY2FhLTExZTYtOGY4OC0zNDM2M2JjN2M0YzAiOnsiY3JlYXRlIjoxODAwMDAwMDAwMDAwLCJkZWxldGUiOjE4MDAwMDAwMDAwMDAsInJlYWQiOjMwMDAwMDAwMDAwMCwidXBkYXRlIjoxODAwMDAwMDAwMDAwfX0=",
          "dependencies": [
            "azurerm_resource_group.rg",
            "azurerm_virtual_network.vnetwork"
          ]
        }
      ]
    },
    {
      "mode": "managed",
      "type": "azurerm_virtual_network",
      "name": "vnetwork",
      "provider": "provider[\"registry.terraform.io/hashicorp/azurerm\"]",
      "instances": [
        {
          "schema_version": 0,
          "attributes": {
            "address_space": [
              "10.0.0.0/16"
            ],
            "bgp_community": "",
            "ddos_protection_plan": [],
            "dns_servers": [],
            "edge_zone": "",
            "flow_timeout_in_minutes": 0,
            "guid": "97bac4a8-b95a-4616-a2ca-a0d8de85f62a",
            "id": "/subscriptions/c86e6534-b220-4b33-999a-b9ed600534b7/resourceGroups/rg-byterraform/providers/Microsoft.Network/virtualNetworks/vnetwork1",
            "location": "uksouth",
            "name": "vnetwork1",
            "resource_group_name": "rg-byterraform",
            "subnet": [],
            "tags": null,
            "timeouts": null
          },
          "sensitive_attributes": [],
          "private": "eyJlMmJmYjczMC1lY2FhLTExZTYtOGY4OC0zNDM2M2JjN2M0YzAiOnsiY3JlYXRlIjoxODAwMDAwMDAwMDAwLCJkZWxldGUiOjE4MDAwMDAwMDAwMDAsInJlYWQiOjMwMDAwMDAwMDAwMCwidXBkYXRlIjoxODAwMDAwMDAwMDAwfX0=",
          "dependencies": [
            "azurerm_resource_group.rg"
          ]
        }
      ]
    }
  ]
}
